<?xml version="1.0" encoding="utf-8"?>
<Project ToolsVersion="4.0" xmlns="http://schemas.microsoft.com/developer/msbuild/2003">
  <ItemGroup>
    <Filter Include="Model">
      <UniqueIdentifier>{6f273478-81f7-438d-b86b-d6ef6398470f}</UniqueIdentifier>
    </Filter>
    <Filter Include="Model\Header Files">
      <UniqueIdentifier>{93995380-89BD-4b04-88EB-625FBE52EBFB}</UniqueIdentifier>
      <Extensions>h;hh;hpp;hxx;hm;inl;inc;xsd</Extensions>
    </Filter>
    <Filter Include="Model\Source Files">
      <UniqueIdentifier>{4FC737F1-C7A5-4376-A066-2A32D752A2FF}</UniqueIdentifier>
      <Extensions>cpp;c;cc;cxx;def;odl;idl;hpj;bat;asm;asmx</Extensions>
    </Filter>
    <Filter Include="View">
      <UniqueIdentifier>{42d80504-4104-4cf7-bae8-9d1d88ef357f}</UniqueIdentifier>
    </Filter>
    <Filter Include="Resource Files">
      <UniqueIdentifier>{67DA6AB6-F800-4c08-8B7A-83BB121AAD01}</UniqueIdentifier>
      <Extensions>rc;ico;cur;bmp;dlg;rc2;rct;bin;rgs;gif;jpg;jpeg;jpe;resx;tiff;tif;png;wav;mfcribbon-ms</Extensions>
    </Filter>
    <Filter Include="View\Header Files">
      <UniqueIdentifier>{2b76abf3-bb11-4e88-aa9d-f12fa42f875a}</UniqueIdentifier>
    </Filter>
    <Filter Include="View\Source Files">
      <UniqueIdentifier>{deb109ef-48a8-47de-bd81-7669292ffc31}</UniqueIdentifier>
    </Filter>
    <Filter Include="input">
      <UniqueIdentifier>{8053b32a-8df6-47ae-93fc-7bea5eab9e66}</UniqueIdentifier>
    </Filter>
  </ItemGroup>
  <ItemGroup>
    <ClCompile Include="main.cpp" />
    <ClCompile Include="FDView.cpp">
      <Filter>View\Source Files</Filter>
    </ClCompile>
    <ClCompile Include="FDModel.cpp">
      <Filter>Model\Source Files</Filter>
    </ClCompile>
    <ClCompile Include="BandLoader.cpp">
      <Filter>Model\Source Files</Filter>
    </ClCompile>
    <ClCompile Include="OurISODATA.cpp">
      <Filter>Model\Source Files</Filter>
    </ClCompile>
    <ClCompile Include="MyException.cpp">
      <Filter>Model\Source Files</Filter>
    </ClCompile>
  </ItemGroup>
  <ItemGroup>
    <ClInclude Include="FDView.h">
      <Filter>View\Header Files</Filter>
    </ClInclude>
    <ClInclude Include="FDModel.h">
      <Filter>Model\Header Files</Filter>
    </ClInclude>
    <ClInclude Include="BandLoader.h">
      <Filter>Model\Header Files</Filter>
    </ClInclude>
    <ClInclude Include="dirent.h">
      <Filter>Model\Header Files</Filter>
    </ClInclude>
    <ClInclude Include="OurISODATA.h">
      <Filter>Model\Header Files</Filter>
    </ClInclude>
    <ClInclude Include="MyException.h">
      <Filter>Model\Header Files</Filter>
    </ClInclude>
  </ItemGroup>
</Project>